
Microsoft Visual Studio Solution File, Format Version 12.00
# Visual Studio Version 17
VisualStudioVersion = 17.12.35521.163
MinimumVisualStudioVersion = 10.0.40219.1
Project("{FAE04EC0-301F-11D3-BF4B-00C04F79EFBC}") = "CSharpNews", "CSharpNews\CSharpNews.csproj", "{6E2E46C3-1728-43E5-BB89-164DFBB225D9}"
EndProject
Project("{FAE04EC0-301F-11D3-BF4B-00C04F79EFBC}") = "GeneratedRegexBenchmark", "GeneratedRegexBenchmark\GeneratedRegexBenchmark.csproj", "{058DF013-1B47-489E-AB6B-58B6A6EEDD76}"
EndProject
Project("{FAE04EC0-301F-11D3-BF4B-00C04F79EFBC}") = "NewLockObjectBenchmark", "NewLockObjectBenchmark\NewLockObjectBenchmark.csproj", "{7A8553C6-D998-4438-ACF7-5FB63EBC4F8E}"
EndProject
Global
	GlobalSection(SolutionConfigurationPlatforms) = preSolution
		Debug|Any CPU = Debug|Any CPU
		Release|Any CPU = Release|Any CPU
	EndGlobalSection
	GlobalSection(ProjectConfigurationPlatforms) = postSolution
		{6E2E46C3-1728-43E5-BB89-164DFBB225D9}.Debug|Any CPU.ActiveCfg = Debug|Any CPU
		{6E2E46C3-1728-43E5-BB89-164DFBB225D9}.Debug|Any CPU.Build.0 = Debug|Any CPU
		{6E2E46C3-1728-43E5-BB89-164DFBB225D9}.Release|Any CPU.ActiveCfg = Release|Any CPU
		{6E2E46C3-1728-43E5-BB89-164DFBB225D9}.Release|Any CPU.Build.0 = Release|Any CPU
		{058DF013-1B47-489E-AB6B-58B6A6EEDD76}.Debug|Any CPU.ActiveCfg = Debug|Any CPU
		{058DF013-1B47-489E-AB6B-58B6A6EEDD76}.Debug|Any CPU.Build.0 = Debug|Any CPU
		{058DF013-1B47-489E-AB6B-58B6A6EEDD76}.Release|Any CPU.ActiveCfg = Release|Any CPU
		{058DF013-1B47-489E-AB6B-58B6A6EEDD76}.Release|Any CPU.Build.0 = Release|Any CPU
		{7A8553C6-D998-4438-ACF7-5FB63EBC4F8E}.Debug|Any CPU.ActiveCfg = Debug|Any CPU
		{7A8553C6-D998-4438-ACF7-5FB63EBC4F8E}.Debug|Any CPU.Build.0 = Debug|Any CPU
		{7A8553C6-D998-4438-ACF7-5FB63EBC4F8E}.Release|Any CPU.ActiveCfg = Release|Any CPU
		{7A8553C6-D998-4438-ACF7-5FB63EBC4F8E}.Release|Any CPU.Build.0 = Release|Any CPU
	EndGlobalSection
	GlobalSection(SolutionProperties) = preSolution
		HideSolutionNode = FALSE
	EndGlobalSection
EndGlobal
